{
  "name": "primitive-geometry",
  "version": "2.10.1",
  "lockfileVersion": 2,
  "requires": true,
  "packages": {
    "": {
      "name": "primitive-geometry",
      "version": "2.10.1",
      "funding": [
        {
          "type": "individual",
          "url": "https://paypal.me/dmnsgn"
        },
        {
          "type": "individual",
          "url": "https://commerce.coinbase.com/checkout/56cbdf28-e323-48d8-9c98-7019e72c97f3"
        }
      ],
      "license": "MIT",
      "devDependencies": {
        "async-preloader": "^8.0.4",
        "cameras": "^3.1.1",
        "es-module-shims": "^2.5.1",
        "gl-matrix": "^3.4.3",
        "pex-context": "^3.2.0",
        "pex-geom": "^3.0.2",
        "tweakpane": "^4.0.5",
        "typed-array-interleave": "^2.0.1"
      },
      "engines": {
        "node": ">=22.0.0",
        "npm": ">=10.5.1",
        "snowdev": ">=2.3.x"
      }
    },
    "node_modules/async-preloader": {
      "version": "8.0.4",
      "resolved": "https://registry.npmjs.org/async-preloader/-/async-preloader-8.0.4.tgz",
      "integrity": "sha512-7RXL6f/aFQ4/sVZP3WXW9VroKb2QmDEHfJPRyZXllDXp349IoPrFqHvc+L1u4+sk9Asr6U1WA2xVRYTbqwtJxw==",
      "dev": true,
      "funding": [
        {
          "type": "individual",
          "url": "https://paypal.me/dmnsgn"
        },
        {
          "type": "individual",
          "url": "https://commerce.coinbase.com/checkout/56cbdf28-e323-48d8-9c98-7019e72c97f3"
        }
      ],
      "license": "MIT",
      "dependencies": {
        "fontfaceobserver-es": "^3.3.3",
        "tslib": "^2.6.3"
      },
      "engines": {
        "node": ">=22.0.0",
        "npm": ">=10.5.1",
        "snowdev": ">=2.2.x"
      }
    },
    "node_modules/cameras": {
      "version": "3.1.1",
      "resolved": "https://registry.npmjs.org/cameras/-/cameras-3.1.1.tgz",
      "integrity": "sha512-hm8z4IIMgz8ygz6PGVb9l+29qBuXHahzlw2CNsVKq8i09RnylhsrlLwoCZRuik3vbl0i1w2hJFfS0OBVh1WDNQ==",
      "dev": true,
      "funding": [
        {
          "type": "individual",
          "url": "https://paypal.me/dmnsgn"
        },
        {
          "type": "individual",
          "url": "https://commerce.coinbase.com/checkout/56cbdf28-e323-48d8-9c98-7019e72c97f3"
        }
      ],
      "dependencies": {
        "clamp": "^1.0.1",
        "gl-matrix": "^3.3.0",
        "normalize-wheel": "^1.0.1"
      },
      "engines": {
        "node": ">=15.0.0",
        "npm": ">=7.0.0"
      }
    },
    "node_modules/clamp": {
      "version": "1.0.1",
      "resolved": "https://registry.npmjs.org/clamp/-/clamp-1.0.1.tgz",
      "integrity": "sha1-ZqDmQBGBbjcZaCj9yMjBRzEshjQ=",
      "dev": true
    },
    "node_modules/es-module-shims": {
      "version": "2.5.1",
      "resolved": "https://registry.npmjs.org/es-module-shims/-/es-module-shims-2.5.1.tgz",
      "integrity": "sha512-rx57z9aYi2XWJggkIoR0knHT2yr9kQ1vyXkva+oMNlplJr46Aj/1CI6c+GHGxEH6ljzoEhtAYxk080U5NpUpmg==",
      "dev": true,
      "license": "MIT"
    },
    "node_modules/fontfaceobserver-es": {
      "version": "3.3.3",
      "resolved": "https://registry.npmjs.org/fontfaceobserver-es/-/fontfaceobserver-es-3.3.3.tgz",
      "integrity": "sha512-1EyweL1ryy0koZWk80Kr0UgWq9KhbOl2cD6x1O8BtFu0gNqCWIXK1lVFSUb37DI5FMn1m86I6X7N1JRBy8wVfw==",
      "dev": true
    },
    "node_modules/gl-matrix": {
      "version": "3.4.3",
      "resolved": "https://registry.npmjs.org/gl-matrix/-/gl-matrix-3.4.3.tgz",
      "integrity": "sha512-wcCp8vu8FT22BnvKVPjXa/ICBWRq/zjFfdofZy1WSpQZpphblv12/bOQLBC1rMM7SGOFS9ltVmKOHil5+Ml7gA==",
      "dev": true
    },
    "node_modules/normalize-wheel": {
      "version": "1.0.1",
      "resolved": "https://registry.npmjs.org/normalize-wheel/-/normalize-wheel-1.0.1.tgz",
      "integrity": "sha1-rsiGr/2wRQcNhWRH32Ls+GFG7EU=",
      "dev": true
    },
    "node_modules/pex-context": {
      "version": "3.2.0",
      "resolved": "https://registry.npmjs.org/pex-context/-/pex-context-3.2.0.tgz",
      "integrity": "sha512-yM7XS0SCbWWM/QbonhNnwVxD58ZDjcOJ1VwONeJGj0kFoMHkJskoAFSJH3i4fGAEte6YiHt361LX9D/waP1IAw==",
      "dev": true,
      "license": "MIT",
      "dependencies": {
        "pex-gl": "^3.0.2"
      },
      "engines": {
        "node": ">=22.0.0",
        "npm": ">=10.5.1",
        "snowdev": ">=2.3.x"
      }
    },
    "node_modules/pex-geom": {
      "version": "3.0.2",
      "resolved": "https://registry.npmjs.org/pex-geom/-/pex-geom-3.0.2.tgz",
      "integrity": "sha512-jLx3ISMMrVuDouPvkmN1hLTqeJE/45otdNVIuoMHKxcz7LZb8k9+XuV7VmsAPA+/TySJyvO+gVvFopUVVG40jg==",
      "dev": true,
      "license": "MIT",
      "dependencies": {
        "pex-math": "^4.1.1"
      },
      "engines": {
        "node": ">=22.0.0",
        "npm": ">=10.5.1",
        "snowdev": ">=2.2.x"
      }
    },
    "node_modules/pex-gl": {
      "version": "3.0.2",
      "resolved": "https://registry.npmjs.org/pex-gl/-/pex-gl-3.0.2.tgz",
      "integrity": "sha512-q0MEUXyRlXEa7A/QGQn7GvrkLf+Yc+tRpTRFW0gmbG1RnJpKC0U504WYaB9O47OoMmy9LlKGCaolP2cJJUw5gQ==",
      "dev": true,
      "license": "MIT",
      "engines": {
        "node": ">=22.0.0",
        "npm": ">=10.5.1",
        "snowdev": ">=2.2.x"
      }
    },
    "node_modules/pex-math": {
      "version": "4.1.1",
      "resolved": "https://registry.npmjs.org/pex-math/-/pex-math-4.1.1.tgz",
      "integrity": "sha512-jhFPZfgdhUczx8EJsV7PwFTDjvhDMhNiabtK+rOLsfkWl33LNV97hUYB0URlMiTf9UR4nNpPcTLuha96aniyQg==",
      "dev": true,
      "license": "MIT",
      "engines": {
        "node": ">=22.0.0",
        "npm": ">=10.5.1",
        "snowdev": ">=2.2.x"
      }
    },
    "node_modules/tslib": {
      "version": "2.6.3",
      "resolved": "https://registry.npmjs.org/tslib/-/tslib-2.6.3.tgz",
      "integrity": "sha512-xNvxJEOUiWPGhUuUdQgAJPKOOJfGnIyKySOc09XkKsgdUV/3E2zvwZYdejjmRgPCgcym1juLH3226yA7sEFJKQ==",
      "dev": true,
      "license": "0BSD"
    },
    "node_modules/tweakpane": {
      "version": "4.0.5",
      "resolved": "https://registry.npmjs.org/tweakpane/-/tweakpane-4.0.5.tgz",
      "integrity": "sha512-rxEXdSI+ArlG1RyO6FghC4ZUX8JkEfz8F3v1JuteXSV0pEtHJzyo07fcDG+NsJfN5L39kSbCYbB9cBGHyuI/tQ==",
      "dev": true,
      "license": "MIT",
      "funding": {
        "url": "https://github.com/sponsors/cocopon"
      }
    },
    "node_modules/typed-array-interleave": {
      "version": "2.0.1",
      "resolved": "https://registry.npmjs.org/typed-array-interleave/-/typed-array-interleave-2.0.1.tgz",
      "integrity": "sha512-RTidx5Oq8GSiRPhNs57IU6fhlD9XU6uQGqPLSZCS5tHnAuIBxYsQI/NjKe2D07n0QIq6A+hURNgOVG4ECSFokQ==",
      "dev": true,
      "funding": [
        {
          "type": "individual",
          "url": "https://paypal.me/dmnsgn"
        },
        {
          "type": "individual",
          "url": "https://commerce.coinbase.com/checkout/56cbdf28-e323-48d8-9c98-7019e72c97f3"
        }
      ],
      "license": "MIT",
      "engines": {
        "node": ">=22.0.0",
        "npm": ">=10.5.1",
        "snowdev": ">=2.2.x"
      }
    }
  },
  "dependencies": {
    "async-preloader": {
      "version": "8.0.4",
      "resolved": "https://registry.npmjs.org/async-preloader/-/async-preloader-8.0.4.tgz",
      "integrity": "sha512-7RXL6f/aFQ4/sVZP3WXW9VroKb2QmDEHfJPRyZXllDXp349IoPrFqHvc+L1u4+sk9Asr6U1WA2xVRYTbqwtJxw==",
      "dev": true,
      "requires": {
        "fontfaceobserver-es": "^3.3.3",
        "tslib": "^2.6.3"
      }
    },
    "cameras": {
      "version": "3.1.1",
      "resolved": "https://registry.npmjs.org/cameras/-/cameras-3.1.1.tgz",
      "integrity": "sha512-hm8z4IIMgz8ygz6PGVb9l+29qBuXHahzlw2CNsVKq8i09RnylhsrlLwoCZRuik3vbl0i1w2hJFfS0OBVh1WDNQ==",
      "dev": true,
      "requires": {
        "clamp": "^1.0.1",
        "gl-matrix": "^3.3.0",
        "normalize-wheel": "^1.0.1"
      }
    },
    "clamp": {
      "version": "1.0.1",
      "resolved": "https://registry.npmjs.org/clamp/-/clamp-1.0.1.tgz",
      "integrity": "sha1-ZqDmQBGBbjcZaCj9yMjBRzEshjQ=",
      "dev": true
    },
    "es-module-shims": {
      "version": "2.5.1",
      "resolved": "https://registry.npmjs.org/es-module-shims/-/es-module-shims-2.5.1.tgz",
      "integrity": "sha512-rx57z9aYi2XWJggkIoR0knHT2yr9kQ1vyXkva+oMNlplJr46Aj/1CI6c+GHGxEH6ljzoEhtAYxk080U5NpUpmg==",
      "dev": true
    },
    "fontfaceobserver-es": {
      "version": "3.3.3",
      "resolved": "https://registry.npmjs.org/fontfaceobserver-es/-/fontfaceobserver-es-3.3.3.tgz",
      "integrity": "sha512-1EyweL1ryy0koZWk80Kr0UgWq9KhbOl2cD6x1O8BtFu0gNqCWIXK1lVFSUb37DI5FMn1m86I6X7N1JRBy8wVfw==",
      "dev": true
    },
    "gl-matrix": {
      "version": "3.4.3",
      "resolved": "https://registry.npmjs.org/gl-matrix/-/gl-matrix-3.4.3.tgz",
      "integrity": "sha512-wcCp8vu8FT22BnvKVPjXa/ICBWRq/zjFfdofZy1WSpQZpphblv12/bOQLBC1rMM7SGOFS9ltVmKOHil5+Ml7gA==",
      "dev": true
    },
    "normalize-wheel": {
      "version": "1.0.1",
      "resolved": "https://registry.npmjs.org/normalize-wheel/-/normalize-wheel-1.0.1.tgz",
      "integrity": "sha1-rsiGr/2wRQcNhWRH32Ls+GFG7EU=",
      "dev": true
    },
    "pex-context": {
      "version": "3.2.0",
      "resolved": "https://registry.npmjs.org/pex-context/-/pex-context-3.2.0.tgz",
      "integrity": "sha512-yM7XS0SCbWWM/QbonhNnwVxD58ZDjcOJ1VwONeJGj0kFoMHkJskoAFSJH3i4fGAEte6YiHt361LX9D/waP1IAw==",
      "dev": true,
      "requires": {
        "pex-gl": "^3.0.2"
      }
    },
    "pex-geom": {
      "version": "3.0.2",
      "resolved": "https://registry.npmjs.org/pex-geom/-/pex-geom-3.0.2.tgz",
      "integrity": "sha512-jLx3ISMMrVuDouPvkmN1hLTqeJE/45otdNVIuoMHKxcz7LZb8k9+XuV7VmsAPA+/TySJyvO+gVvFopUVVG40jg==",
      "dev": true,
      "requires": {
        "pex-math": "^4.1.1"
      }
    },
    "pex-gl": {
      "version": "3.0.2",
      "resolved": "https://registry.npmjs.org/pex-gl/-/pex-gl-3.0.2.tgz",
      "integrity": "sha512-q0MEUXyRlXEa7A/QGQn7GvrkLf+Yc+tRpTRFW0gmbG1RnJpKC0U504WYaB9O47OoMmy9LlKGCaolP2cJJUw5gQ==",
      "dev": true
    },
    "pex-math": {
      "version": "4.1.1",
      "resolved": "https://registry.npmjs.org/pex-math/-/pex-math-4.1.1.tgz",
      "integrity": "sha512-jhFPZfgdhUczx8EJsV7PwFTDjvhDMhNiabtK+rOLsfkWl33LNV97hUYB0URlMiTf9UR4nNpPcTLuha96aniyQg==",
      "dev": true
    },
    "tslib": {
      "version": "2.6.3",
      "resolved": "https://registry.npmjs.org/tslib/-/tslib-2.6.3.tgz",
      "integrity": "sha512-xNvxJEOUiWPGhUuUdQgAJPKOOJfGnIyKySOc09XkKsgdUV/3E2zvwZYdejjmRgPCgcym1juLH3226yA7sEFJKQ==",
      "dev": true
    },
    "tweakpane": {
      "version": "4.0.5",
      "resolved": "https://registry.npmjs.org/tweakpane/-/tweakpane-4.0.5.tgz",
      "integrity": "sha512-rxEXdSI+ArlG1RyO6FghC4ZUX8JkEfz8F3v1JuteXSV0pEtHJzyo07fcDG+NsJfN5L39kSbCYbB9cBGHyuI/tQ==",
      "dev": true
    },
    "typed-array-interleave": {
      "version": "2.0.1",
      "resolved": "https://registry.npmjs.org/typed-array-interleave/-/typed-array-interleave-2.0.1.tgz",
      "integrity": "sha512-RTidx5Oq8GSiRPhNs57IU6fhlD9XU6uQGqPLSZCS5tHnAuIBxYsQI/NjKe2D07n0QIq6A+hURNgOVG4ECSFokQ==",
      "dev": true
    }
  }
}
