{
  "name": "primitive-geometry",
  "version": "2.7.0",
  "lockfileVersion": 2,
  "requires": true,
  "packages": {
    "": {
      "name": "primitive-geometry",
      "version": "2.7.0",
      "funding": [
        {
          "type": "individual",
          "url": "https://paypal.me/dmnsgn"
        },
        {
          "type": "individual",
          "url": "https://commerce.coinbase.com/checkout/56cbdf28-e323-48d8-9c98-7019e72c97f3"
        }
      ],
      "license": "MIT",
      "devDependencies": {
        "async-preloader": "^7.0.0",
        "cameras": "^3.1.1",
        "es-module-shims": "^1.5.17",
        "gl-matrix": "^3.4.3",
        "pex-context": "^3.0.0-alpha.1",
        "pex-geom": "^3.0.0-alpha.3",
        "tweakpane": "^3.1.0"
      },
      "engines": {
        "node": ">=15.0.0",
        "npm": ">=7.0.0"
      }
    },
    "node_modules/async-preloader": {
      "version": "7.0.0",
      "resolved": "https://registry.npmjs.org/async-preloader/-/async-preloader-7.0.0.tgz",
      "integrity": "sha512-q+tmRCek6a7gONGpTbRJn6Gny1UqKsYeD+y0HRNtoU5TFsgrKPU4EX14yr+fku/KowI6SU3weN7tBMpf7Gf8QA==",
      "dev": true,
      "funding": [
        {
          "type": "individual",
          "url": "https://paypal.me/dmnsgn"
        },
        {
          "type": "individual",
          "url": "https://commerce.coinbase.com/checkout/56cbdf28-e323-48d8-9c98-7019e72c97f3"
        }
      ],
      "dependencies": {
        "fontfaceobserver-es": "^3.3.3",
        "tslib": "^2.4.0"
      },
      "engines": {
        "node": ">=16.0.0",
        "npm": ">=7.0.0"
      }
    },
    "node_modules/cameras": {
      "version": "3.1.1",
      "resolved": "https://registry.npmjs.org/cameras/-/cameras-3.1.1.tgz",
      "integrity": "sha512-hm8z4IIMgz8ygz6PGVb9l+29qBuXHahzlw2CNsVKq8i09RnylhsrlLwoCZRuik3vbl0i1w2hJFfS0OBVh1WDNQ==",
      "dev": true,
      "funding": [
        {
          "type": "individual",
          "url": "https://paypal.me/dmnsgn"
        },
        {
          "type": "individual",
          "url": "https://commerce.coinbase.com/checkout/56cbdf28-e323-48d8-9c98-7019e72c97f3"
        }
      ],
      "dependencies": {
        "clamp": "^1.0.1",
        "gl-matrix": "^3.3.0",
        "normalize-wheel": "^1.0.1"
      },
      "engines": {
        "node": ">=15.0.0",
        "npm": ">=7.0.0"
      }
    },
    "node_modules/clamp": {
      "version": "1.0.1",
      "resolved": "https://registry.npmjs.org/clamp/-/clamp-1.0.1.tgz",
      "integrity": "sha1-ZqDmQBGBbjcZaCj9yMjBRzEshjQ=",
      "dev": true
    },
    "node_modules/es-module-shims": {
      "version": "1.5.17",
      "resolved": "https://registry.npmjs.org/es-module-shims/-/es-module-shims-1.5.17.tgz",
      "integrity": "sha512-6eq7KIUkmhd6GO0dcXlX5iUlyJtPs0jiVsGx6BkBEgVXVyrsRHwWCTgX8al1PFrtPWhS04yZwv1IK5pu1mAr5w==",
      "dev": true
    },
    "node_modules/fontfaceobserver-es": {
      "version": "3.3.3",
      "resolved": "https://registry.npmjs.org/fontfaceobserver-es/-/fontfaceobserver-es-3.3.3.tgz",
      "integrity": "sha512-1EyweL1ryy0koZWk80Kr0UgWq9KhbOl2cD6x1O8BtFu0gNqCWIXK1lVFSUb37DI5FMn1m86I6X7N1JRBy8wVfw==",
      "dev": true
    },
    "node_modules/gl-matrix": {
      "version": "3.4.3",
      "resolved": "https://registry.npmjs.org/gl-matrix/-/gl-matrix-3.4.3.tgz",
      "integrity": "sha512-wcCp8vu8FT22BnvKVPjXa/ICBWRq/zjFfdofZy1WSpQZpphblv12/bOQLBC1rMM7SGOFS9ltVmKOHil5+Ml7gA==",
      "dev": true
    },
    "node_modules/normalize-wheel": {
      "version": "1.0.1",
      "resolved": "https://registry.npmjs.org/normalize-wheel/-/normalize-wheel-1.0.1.tgz",
      "integrity": "sha1-rsiGr/2wRQcNhWRH32Ls+GFG7EU=",
      "dev": true
    },
    "node_modules/pex-context": {
      "version": "3.0.0-alpha.1",
      "resolved": "https://registry.npmjs.org/pex-context/-/pex-context-3.0.0-alpha.1.tgz",
      "integrity": "sha512-k2ROXaDeRCkYzKuXkEdOpuXO+VFKpmGShC2pxdoS5FJtp0gQBUQhNYMxqkTCy3pOas2RhAabAqPncB337WetTw==",
      "dev": true,
      "dependencies": {
        "pex-gl": "^3.0.0-alpha.0"
      },
      "engines": {
        "node": ">=16.0.0",
        "npm": ">=7.0.0"
      }
    },
    "node_modules/pex-geom": {
      "version": "3.0.0-alpha.3",
      "resolved": "https://registry.npmjs.org/pex-geom/-/pex-geom-3.0.0-alpha.3.tgz",
      "integrity": "sha512-VxwL3JgaH34gWY/ft1//TftiigrER9WWC4p2Q3sfjOJH9FyHRqgYACkT8j/XlR2140PP7sBRUQoZSA4jKSY5bA==",
      "dev": true,
      "dependencies": {
        "pex-math": "^4.0.0-alpha.2"
      },
      "engines": {
        "node": ">=16.0.0",
        "npm": ">=7.0.0"
      }
    },
    "node_modules/pex-gl": {
      "version": "3.0.0-alpha.0",
      "resolved": "https://registry.npmjs.org/pex-gl/-/pex-gl-3.0.0-alpha.0.tgz",
      "integrity": "sha512-F5xRhI2A3iVhcSmBIIsjEoAeLBa8tqTUzQy2cwZ9X5i1yKRXH8mfQd21JegAuY2aIgzHylquQmWXKzskR8reIA==",
      "dev": true,
      "engines": {
        "node": ">=16.0.0",
        "npm": ">=7.0.0"
      }
    },
    "node_modules/pex-math": {
      "version": "4.0.0-alpha.2",
      "resolved": "https://registry.npmjs.org/pex-math/-/pex-math-4.0.0-alpha.2.tgz",
      "integrity": "sha512-OeaqLlV08KMNI6sDgn5u/FT2KKu3NRg7MnSz2OK3xIr91Ut7aaIqfsbPgpgFZb3GQqSnRPKC3UUs/QI+enxO8g==",
      "dev": true,
      "engines": {
        "node": ">=16.0.0",
        "npm": ">=7.0.0"
      }
    },
    "node_modules/tslib": {
      "version": "2.4.0",
      "resolved": "https://registry.npmjs.org/tslib/-/tslib-2.4.0.tgz",
      "integrity": "sha512-d6xOpEDfsi2CZVlPQzGeux8XMwLT9hssAsaPYExaQMuYskwb+x1x7J371tWlbBdWHroy99KnVB6qIkUbs5X3UQ==",
      "dev": true
    },
    "node_modules/tweakpane": {
      "version": "3.1.0",
      "resolved": "https://registry.npmjs.org/tweakpane/-/tweakpane-3.1.0.tgz",
      "integrity": "sha512-PGAp/LPQdHwzL7/iAW4lV1p9iPQTti7YMjMWO48CoYjvZRS59RmgQnhEGzKzqST1JnmOYmQUjTe8bdhlZRJs5A==",
      "dev": true,
      "funding": {
        "url": "https://github.com/sponsors/cocopon"
      }
    }
  },
  "dependencies": {
    "async-preloader": {
      "version": "7.0.0",
      "resolved": "https://registry.npmjs.org/async-preloader/-/async-preloader-7.0.0.tgz",
      "integrity": "sha512-q+tmRCek6a7gONGpTbRJn6Gny1UqKsYeD+y0HRNtoU5TFsgrKPU4EX14yr+fku/KowI6SU3weN7tBMpf7Gf8QA==",
      "dev": true,
      "requires": {
        "fontfaceobserver-es": "^3.3.3",
        "tslib": "^2.4.0"
      }
    },
    "cameras": {
      "version": "3.1.1",
      "resolved": "https://registry.npmjs.org/cameras/-/cameras-3.1.1.tgz",
      "integrity": "sha512-hm8z4IIMgz8ygz6PGVb9l+29qBuXHahzlw2CNsVKq8i09RnylhsrlLwoCZRuik3vbl0i1w2hJFfS0OBVh1WDNQ==",
      "dev": true,
      "requires": {
        "clamp": "^1.0.1",
        "gl-matrix": "^3.3.0",
        "normalize-wheel": "^1.0.1"
      }
    },
    "clamp": {
      "version": "1.0.1",
      "resolved": "https://registry.npmjs.org/clamp/-/clamp-1.0.1.tgz",
      "integrity": "sha1-ZqDmQBGBbjcZaCj9yMjBRzEshjQ=",
      "dev": true
    },
    "es-module-shims": {
      "version": "1.5.17",
      "resolved": "https://registry.npmjs.org/es-module-shims/-/es-module-shims-1.5.17.tgz",
      "integrity": "sha512-6eq7KIUkmhd6GO0dcXlX5iUlyJtPs0jiVsGx6BkBEgVXVyrsRHwWCTgX8al1PFrtPWhS04yZwv1IK5pu1mAr5w==",
      "dev": true
    },
    "fontfaceobserver-es": {
      "version": "3.3.3",
      "resolved": "https://registry.npmjs.org/fontfaceobserver-es/-/fontfaceobserver-es-3.3.3.tgz",
      "integrity": "sha512-1EyweL1ryy0koZWk80Kr0UgWq9KhbOl2cD6x1O8BtFu0gNqCWIXK1lVFSUb37DI5FMn1m86I6X7N1JRBy8wVfw==",
      "dev": true
    },
    "gl-matrix": {
      "version": "3.4.3",
      "resolved": "https://registry.npmjs.org/gl-matrix/-/gl-matrix-3.4.3.tgz",
      "integrity": "sha512-wcCp8vu8FT22BnvKVPjXa/ICBWRq/zjFfdofZy1WSpQZpphblv12/bOQLBC1rMM7SGOFS9ltVmKOHil5+Ml7gA==",
      "dev": true
    },
    "normalize-wheel": {
      "version": "1.0.1",
      "resolved": "https://registry.npmjs.org/normalize-wheel/-/normalize-wheel-1.0.1.tgz",
      "integrity": "sha1-rsiGr/2wRQcNhWRH32Ls+GFG7EU=",
      "dev": true
    },
    "pex-context": {
      "version": "3.0.0-alpha.1",
      "resolved": "https://registry.npmjs.org/pex-context/-/pex-context-3.0.0-alpha.1.tgz",
      "integrity": "sha512-k2ROXaDeRCkYzKuXkEdOpuXO+VFKpmGShC2pxdoS5FJtp0gQBUQhNYMxqkTCy3pOas2RhAabAqPncB337WetTw==",
      "dev": true,
      "requires": {
        "pex-gl": "^3.0.0-alpha.0"
      }
    },
    "pex-geom": {
      "version": "3.0.0-alpha.3",
      "resolved": "https://registry.npmjs.org/pex-geom/-/pex-geom-3.0.0-alpha.3.tgz",
      "integrity": "sha512-VxwL3JgaH34gWY/ft1//TftiigrER9WWC4p2Q3sfjOJH9FyHRqgYACkT8j/XlR2140PP7sBRUQoZSA4jKSY5bA==",
      "dev": true,
      "requires": {
        "pex-math": "^4.0.0-alpha.2"
      }
    },
    "pex-gl": {
      "version": "3.0.0-alpha.0",
      "resolved": "https://registry.npmjs.org/pex-gl/-/pex-gl-3.0.0-alpha.0.tgz",
      "integrity": "sha512-F5xRhI2A3iVhcSmBIIsjEoAeLBa8tqTUzQy2cwZ9X5i1yKRXH8mfQd21JegAuY2aIgzHylquQmWXKzskR8reIA==",
      "dev": true
    },
    "pex-math": {
      "version": "4.0.0-alpha.2",
      "resolved": "https://registry.npmjs.org/pex-math/-/pex-math-4.0.0-alpha.2.tgz",
      "integrity": "sha512-OeaqLlV08KMNI6sDgn5u/FT2KKu3NRg7MnSz2OK3xIr91Ut7aaIqfsbPgpgFZb3GQqSnRPKC3UUs/QI+enxO8g==",
      "dev": true
    },
    "tslib": {
      "version": "2.4.0",
      "resolved": "https://registry.npmjs.org/tslib/-/tslib-2.4.0.tgz",
      "integrity": "sha512-d6xOpEDfsi2CZVlPQzGeux8XMwLT9hssAsaPYExaQMuYskwb+x1x7J371tWlbBdWHroy99KnVB6qIkUbs5X3UQ==",
      "dev": true
    },
    "tweakpane": {
      "version": "3.1.0",
      "resolved": "https://registry.npmjs.org/tweakpane/-/tweakpane-3.1.0.tgz",
      "integrity": "sha512-PGAp/LPQdHwzL7/iAW4lV1p9iPQTti7YMjMWO48CoYjvZRS59RmgQnhEGzKzqST1JnmOYmQUjTe8bdhlZRJs5A==",
      "dev": true
    }
  }
}
