{
  "name": "primitive-geometry",
  "version": "2.0.0",
  "lockfileVersion": 2,
  "requires": true,
  "packages": {
    "": {
      "version": "2.0.0",
      "funding": [
        {
          "type": "individual",
          "url": "https://paypal.me/dmnsgn"
        },
        {
          "type": "individual",
          "url": "https://commerce.coinbase.com/checkout/56cbdf28-e323-48d8-9c98-7019e72c97f3"
        }
      ],
      "license": "MIT",
      "devDependencies": {
        "async-preloader": "^5.0.2",
        "cameras": "^3.0.3",
        "concat-typed-array": "^2.0.0",
        "core-js": "^3.14.0",
        "es-module-shims": "^0.10.7",
        "gl-matrix": "^3.3.0",
        "regl": "^2.1.0",
        "tweakpane": "^3.0.2"
      },
      "engines": {
        "node": ">=15.0.0",
        "npm": ">=7.0.0"
      }
    },
    "node_modules/async-preloader": {
      "version": "5.0.2",
      "resolved": "https://registry.npmjs.org/async-preloader/-/async-preloader-5.0.2.tgz",
      "integrity": "sha512-QeXZcrweGBU5S/+lRYsZJ3kw6U1Qhpc3X9B/VujZmCi7lK2OIWSN/XHjMdUmKf9FWJ5S8iGlaNWI2CHMQcfn7A==",
      "dev": true,
      "funding": [
        {
          "type": "individual",
          "url": "https://paypal.me/dmnsgn"
        },
        {
          "type": "individual",
          "url": "https://commerce.coinbase.com/checkout/56cbdf28-e323-48d8-9c98-7019e72c97f3"
        }
      ],
      "dependencies": {
        "fontfaceobserver-es": "^3.3.3",
        "tslib": "^2.1.0"
      },
      "engines": {
        "node": ">=15.0.0",
        "npm": ">=7.0.0"
      }
    },
    "node_modules/cameras": {
      "version": "3.0.3",
      "resolved": "https://registry.npmjs.org/cameras/-/cameras-3.0.3.tgz",
      "integrity": "sha512-WRo8pOWLhGP76eINPMuTPUFsMb8DZqE8bRlRantvwW2NZWfMLfO0VsMU+O7wDGpdUGO9MnUwczCHyvNnfwcykw==",
      "dev": true,
      "funding": [
        {
          "type": "individual",
          "url": "https://paypal.me/dmnsgn"
        },
        {
          "type": "individual",
          "url": "https://commerce.coinbase.com/checkout/56cbdf28-e323-48d8-9c98-7019e72c97f3"
        }
      ],
      "dependencies": {
        "clamp": "^1.0.1",
        "gl-matrix": "^3.3.0",
        "normalize-wheel": "^1.0.1"
      },
      "engines": {
        "node": ">=15.0.0",
        "npm": ">=7.0.0"
      }
    },
    "node_modules/clamp": {
      "version": "1.0.1",
      "resolved": "https://registry.npmjs.org/clamp/-/clamp-1.0.1.tgz",
      "integrity": "sha1-ZqDmQBGBbjcZaCj9yMjBRzEshjQ=",
      "dev": true
    },
    "node_modules/concat-typed-array": {
      "version": "2.0.0",
      "resolved": "https://registry.npmjs.org/concat-typed-array/-/concat-typed-array-2.0.0.tgz",
      "integrity": "sha512-6les3941nFUYqm144rrfkauHWtjLx4MyLKTNDNRl0y06X3c1AWwlsulsWukh5sXIIvFU5ulWMVTCCAAFWbgr1Q==",
      "dev": true,
      "funding": [
        {
          "type": "individual",
          "url": "https://paypal.me/dmnsgn"
        },
        {
          "type": "individual",
          "url": "https://commerce.coinbase.com/checkout/56cbdf28-e323-48d8-9c98-7019e72c97f3"
        }
      ],
      "engines": {
        "node": ">=15.0.0",
        "npm": ">=7.0.0"
      }
    },
    "node_modules/core-js": {
      "version": "3.14.0",
      "resolved": "https://registry.npmjs.org/core-js/-/core-js-3.14.0.tgz",
      "integrity": "sha512-3s+ed8er9ahK+zJpp9ZtuVcDoFzHNiZsPbNAAE4KXgrRHbjSqqNN6xGSXq6bq7TZIbKj4NLrLb6bJ5i+vSVjHA==",
      "dev": true,
      "hasInstallScript": true,
      "funding": {
        "type": "opencollective",
        "url": "https://opencollective.com/core-js"
      }
    },
    "node_modules/es-module-shims": {
      "version": "0.10.7",
      "resolved": "https://registry.npmjs.org/es-module-shims/-/es-module-shims-0.10.7.tgz",
      "integrity": "sha512-tvAIuAdiTIla8ovEZleNUoa81mAMdbNHEef9DLCx2DGgGsICyhD9Bguytv0U4AonIIegJlZbZCnoHoo48aQx9w==",
      "dev": true
    },
    "node_modules/fontfaceobserver-es": {
      "version": "3.3.3",
      "resolved": "https://registry.npmjs.org/fontfaceobserver-es/-/fontfaceobserver-es-3.3.3.tgz",
      "integrity": "sha512-1EyweL1ryy0koZWk80Kr0UgWq9KhbOl2cD6x1O8BtFu0gNqCWIXK1lVFSUb37DI5FMn1m86I6X7N1JRBy8wVfw==",
      "dev": true
    },
    "node_modules/gl-matrix": {
      "version": "3.3.0",
      "resolved": "https://registry.npmjs.org/gl-matrix/-/gl-matrix-3.3.0.tgz",
      "integrity": "sha512-COb7LDz+SXaHtl/h4LeaFcNdJdAQSDeVqjiIihSXNrkWObZLhDI4hIkZC11Aeqp7bcE72clzB0BnDXr2SmslRA==",
      "dev": true
    },
    "node_modules/normalize-wheel": {
      "version": "1.0.1",
      "resolved": "https://registry.npmjs.org/normalize-wheel/-/normalize-wheel-1.0.1.tgz",
      "integrity": "sha1-rsiGr/2wRQcNhWRH32Ls+GFG7EU=",
      "dev": true
    },
    "node_modules/regl": {
      "version": "2.1.0",
      "resolved": "https://registry.npmjs.org/regl/-/regl-2.1.0.tgz",
      "integrity": "sha512-oWUce/aVoEvW5l2V0LK7O5KJMzUSKeiOwFuJehzpSFd43dO5spP9r+sSUfhKtsky4u6MCqWJaRL+abzExynfTg==",
      "dev": true
    },
    "node_modules/tslib": {
      "version": "2.2.0",
      "resolved": "https://registry.npmjs.org/tslib/-/tslib-2.2.0.tgz",
      "integrity": "sha512-gS9GVHRU+RGn5KQM2rllAlR3dU6m7AcpJKdtH8gFvQiC4Otgk98XnmMU+nZenHt/+VhnBPWwgrJsyrdcw6i23w==",
      "dev": true
    },
    "node_modules/tweakpane": {
      "version": "3.0.2",
      "resolved": "https://registry.npmjs.org/tweakpane/-/tweakpane-3.0.2.tgz",
      "integrity": "sha512-SCiK3S466ElC8Uws0BgO69I5rcpY+0JgPzxpwn0nn7yGHeqEjCHsu7Qvd/L7wJPUaUY13PIEniJeV99ff8oy6Q==",
      "dev": true
    }
  },
  "dependencies": {
    "async-preloader": {
      "version": "5.0.2",
      "resolved": "https://registry.npmjs.org/async-preloader/-/async-preloader-5.0.2.tgz",
      "integrity": "sha512-QeXZcrweGBU5S/+lRYsZJ3kw6U1Qhpc3X9B/VujZmCi7lK2OIWSN/XHjMdUmKf9FWJ5S8iGlaNWI2CHMQcfn7A==",
      "dev": true,
      "requires": {
        "fontfaceobserver-es": "^3.3.3",
        "tslib": "^2.1.0"
      }
    },
    "cameras": {
      "version": "3.0.3",
      "resolved": "https://registry.npmjs.org/cameras/-/cameras-3.0.3.tgz",
      "integrity": "sha512-WRo8pOWLhGP76eINPMuTPUFsMb8DZqE8bRlRantvwW2NZWfMLfO0VsMU+O7wDGpdUGO9MnUwczCHyvNnfwcykw==",
      "dev": true,
      "requires": {
        "clamp": "^1.0.1",
        "gl-matrix": "^3.3.0",
        "normalize-wheel": "^1.0.1"
      }
    },
    "clamp": {
      "version": "1.0.1",
      "resolved": "https://registry.npmjs.org/clamp/-/clamp-1.0.1.tgz",
      "integrity": "sha1-ZqDmQBGBbjcZaCj9yMjBRzEshjQ=",
      "dev": true
    },
    "concat-typed-array": {
      "version": "2.0.0",
      "resolved": "https://registry.npmjs.org/concat-typed-array/-/concat-typed-array-2.0.0.tgz",
      "integrity": "sha512-6les3941nFUYqm144rrfkauHWtjLx4MyLKTNDNRl0y06X3c1AWwlsulsWukh5sXIIvFU5ulWMVTCCAAFWbgr1Q==",
      "dev": true
    },
    "core-js": {
      "version": "3.14.0",
      "resolved": "https://registry.npmjs.org/core-js/-/core-js-3.14.0.tgz",
      "integrity": "sha512-3s+ed8er9ahK+zJpp9ZtuVcDoFzHNiZsPbNAAE4KXgrRHbjSqqNN6xGSXq6bq7TZIbKj4NLrLb6bJ5i+vSVjHA==",
      "dev": true
    },
    "es-module-shims": {
      "version": "0.10.7",
      "resolved": "https://registry.npmjs.org/es-module-shims/-/es-module-shims-0.10.7.tgz",
      "integrity": "sha512-tvAIuAdiTIla8ovEZleNUoa81mAMdbNHEef9DLCx2DGgGsICyhD9Bguytv0U4AonIIegJlZbZCnoHoo48aQx9w==",
      "dev": true
    },
    "fontfaceobserver-es": {
      "version": "3.3.3",
      "resolved": "https://registry.npmjs.org/fontfaceobserver-es/-/fontfaceobserver-es-3.3.3.tgz",
      "integrity": "sha512-1EyweL1ryy0koZWk80Kr0UgWq9KhbOl2cD6x1O8BtFu0gNqCWIXK1lVFSUb37DI5FMn1m86I6X7N1JRBy8wVfw==",
      "dev": true
    },
    "gl-matrix": {
      "version": "3.3.0",
      "resolved": "https://registry.npmjs.org/gl-matrix/-/gl-matrix-3.3.0.tgz",
      "integrity": "sha512-COb7LDz+SXaHtl/h4LeaFcNdJdAQSDeVqjiIihSXNrkWObZLhDI4hIkZC11Aeqp7bcE72clzB0BnDXr2SmslRA==",
      "dev": true
    },
    "normalize-wheel": {
      "version": "1.0.1",
      "resolved": "https://registry.npmjs.org/normalize-wheel/-/normalize-wheel-1.0.1.tgz",
      "integrity": "sha1-rsiGr/2wRQcNhWRH32Ls+GFG7EU=",
      "dev": true
    },
    "regl": {
      "version": "2.1.0",
      "resolved": "https://registry.npmjs.org/regl/-/regl-2.1.0.tgz",
      "integrity": "sha512-oWUce/aVoEvW5l2V0LK7O5KJMzUSKeiOwFuJehzpSFd43dO5spP9r+sSUfhKtsky4u6MCqWJaRL+abzExynfTg==",
      "dev": true
    },
    "tslib": {
      "version": "2.2.0",
      "resolved": "https://registry.npmjs.org/tslib/-/tslib-2.2.0.tgz",
      "integrity": "sha512-gS9GVHRU+RGn5KQM2rllAlR3dU6m7AcpJKdtH8gFvQiC4Otgk98XnmMU+nZenHt/+VhnBPWwgrJsyrdcw6i23w==",
      "dev": true
    },
    "tweakpane": {
      "version": "3.0.2",
      "resolved": "https://registry.npmjs.org/tweakpane/-/tweakpane-3.0.2.tgz",
      "integrity": "sha512-SCiK3S466ElC8Uws0BgO69I5rcpY+0JgPzxpwn0nn7yGHeqEjCHsu7Qvd/L7wJPUaUY13PIEniJeV99ff8oy6Q==",
      "dev": true
    }
  }
}
